
Microsoft Visual Studio Solution File, Format Version 12.00
# Visual Studio 2012
Project("{FAE04EC0-301F-11D3-BF4B-00C04F79EFBC}") = "hobnob4", "hobnob4\hobnob4.csproj", "{DA75FA7D-50C3-4B79-9793-03ED2A4CED12}"
EndProject
Global
	GlobalSection(SolutionConfigurationPlatforms) = preSolution
		Debug|Any CPU = Debug|Any CPU
		Release|Any CPU = Release|Any CPU
	EndGlobalSection
	GlobalSection(ProjectConfigurationPlatforms) = postSolution
		{DA75FA7D-50C3-4B79-9793-03ED2A4CED12}.Debug|Any CPU.ActiveCfg = Debug|Any CPU
		{DA75FA7D-50C3-4B79-9793-03ED2A4CED12}.Debug|Any CPU.Build.0 = Debug|Any CPU
		{DA75FA7D-50C3-4B79-9793-03ED2A4CED12}.Release|Any CPU.ActiveCfg = Release|Any CPU
		{DA75FA7D-50C3-4B79-9793-03ED2A4CED12}.Release|Any CPU.Build.0 = Release|Any CPU
	EndGlobalSection
	GlobalSection(SolutionProperties) = preSolution
		HideSolutionNode = FALSE
	EndGlobalSection
EndGlobal
